{
    "version": 3,
    "terraform_version": "0.11.3",
    "serial": 40,
    "lineage": "b4e88821-7127-4a54-aad7-592862113eb4",
    "modules": [
        {
            "path": [
                "root"
            ],
            "outputs": {},
            "resources": {
                "aws_instance.wordpress_server": {
                    "type": "aws_instance",
                    "depends_on": [
                        "aws_security_group.wp_security"
                    ],
                    "primary": {
                        "id": "i-0d573940af1358d7c",
                        "attributes": {
                            "ami": "ami-66506c1c",
                            "associate_public_ip_address": "true",
                            "availability_zone": "us-east-1d",
                            "disable_api_termination": "false",
                            "ebs_block_device.#": "0",
                            "ebs_optimized": "false",
                            "ephemeral_block_device.#": "0",
                            "iam_instance_profile": "",
                            "id": "i-0d573940af1358d7c",
                            "instance_state": "running",
                            "instance_type": "t2.micro",
                            "ipv6_addresses.#": "0",
                            "key_name": "admin_key",
                            "monitoring": "false",
                            "network_interface.#": "0",
                            "network_interface_id": "eni-a4ab6d75",
                            "placement_group": "",
                            "primary_network_interface_id": "eni-a4ab6d75",
                            "private_dns": "ip-172-31-45-84.ec2.internal",
                            "private_ip": "172.31.45.84",
                            "public_dns": "ec2-52-90-208-44.compute-1.amazonaws.com",
                            "public_ip": "52.90.208.44",
                            "root_block_device.#": "1",
                            "root_block_device.0.delete_on_termination": "true",
                            "root_block_device.0.iops": "100",
                            "root_block_device.0.volume_id": "vol-059b065ba39a185a8",
                            "root_block_device.0.volume_size": "8",
                            "root_block_device.0.volume_type": "gp2",
                            "security_groups.#": "1",
                            "security_groups.2713685878": "wordpress_node",
                            "source_dest_check": "true",
                            "subnet_id": "subnet-e2e1bbbf",
                            "tags.%": "1",
                            "tags.Name": "wordpress-server",
                            "tenancy": "default",
                            "volume_tags.%": "0",
                            "vpc_security_group_ids.#": "1",
                            "vpc_security_group_ids.3285064015": "sg-c8d508be"
                        },
                        "meta": {
                            "e2bfb730-ecaa-11e6-8f88-34363bc7c4c0": {
                                "create": 600000000000,
                                "delete": 1200000000000,
                                "update": 600000000000
                            },
                            "schema_version": "1"
                        },
                        "tainted": true
                    },
                    "deposed": [],
                    "provider": "provider.aws"
                },
                "aws_key_pair.admin_key": {
                    "type": "aws_key_pair",
                    "depends_on": [],
                    "primary": {
                        "id": "admin_key",
                        "attributes": {
                            "id": "admin_key",
                            "key_name": "admin_key",
                            "public_key": "ssh-rsa AAAAB3NzaC1yc2EAAAADAQABAAABAQDFRrG4CRVanCTZtAgTlebC9j6MPbj20pqANA+c2L7H19UEem+K1zT3xHCpFsIpeYvngTvPe0tkVDgfIXM6mgYpvanJnryi8QQPgbUkjO7UhYSxxb60m7BGMGHCuyEhIFMIShO5bVG0t/+gGFf5yZsNFsAdZjTlh7tRz+cWQTNSMzEah1OuzM2PPJeHpUHqyHZjuSx+2LZWfWz609lGuVwcyQzyqT8drY/pm9RKDY5KTZuIcVrdwSSeYeL00uxgl5gETW5D/d/Ene9pJnC2FlBbu1Dhn+zoowLIz+FlysRTQcSYTnMNLR4LpeMoYzs+TNB3im5ckiw+XwVesQ1I/Z/7 osboxes@osboxes"
                        },
                        "meta": {
                            "schema_version": "1"
                        },
                        "tainted": false
                    },
                    "deposed": [],
                    "provider": "provider.aws"
                },
                "aws_security_group.wp_security": {
                    "type": "aws_security_group",
                    "depends_on": [],
                    "primary": {
                        "id": "sg-c8d508be",
                        "attributes": {
                            "description": "WP Security Group",
                            "egress.#": "1",
                            "egress.482069346.cidr_blocks.#": "1",
                            "egress.482069346.cidr_blocks.0": "0.0.0.0/0",
                            "egress.482069346.description": "",
                            "egress.482069346.from_port": "0",
                            "egress.482069346.ipv6_cidr_blocks.#": "0",
                            "egress.482069346.prefix_list_ids.#": "0",
                            "egress.482069346.protocol": "-1",
                            "egress.482069346.security_groups.#": "0",
                            "egress.482069346.self": "false",
                            "egress.482069346.to_port": "0",
                            "id": "sg-c8d508be",
                            "ingress.#": "2",
                            "ingress.2214680975.cidr_blocks.#": "1",
                            "ingress.2214680975.cidr_blocks.0": "0.0.0.0/0",
                            "ingress.2214680975.description": "",
                            "ingress.2214680975.from_port": "80",
                            "ingress.2214680975.ipv6_cidr_blocks.#": "0",
                            "ingress.2214680975.protocol": "tcp",
                            "ingress.2214680975.security_groups.#": "0",
                            "ingress.2214680975.self": "false",
                            "ingress.2214680975.to_port": "80",
                            "ingress.2541437006.cidr_blocks.#": "1",
                            "ingress.2541437006.cidr_blocks.0": "0.0.0.0/0",
                            "ingress.2541437006.description": "",
                            "ingress.2541437006.from_port": "22",
                            "ingress.2541437006.ipv6_cidr_blocks.#": "0",
                            "ingress.2541437006.protocol": "tcp",
                            "ingress.2541437006.security_groups.#": "0",
                            "ingress.2541437006.self": "false",
                            "ingress.2541437006.to_port": "22",
                            "name": "wordpress_node",
                            "owner_id": "466194168036",
                            "revoke_rules_on_delete": "false",
                            "tags.%": "0",
                            "vpc_id": "vpc-40d4793b"
                        },
                        "meta": {
                            "schema_version": "1"
                        },
                        "tainted": false
                    },
                    "deposed": [],
                    "provider": "provider.aws"
                }
            },
            "depends_on": []
        }
    ]
}
